
Microsoft Visual Studio Solution File, Format Version 12.00
# Visual Studio 14
VisualStudioVersion = 14.0.25420.1
MinimumVisualStudioVersion = 10.0.40219.1
Project("{8BC9CEB8-8B4A-11D0-8D11-00A0C91BC942}") = "EasiioLibraryDemo", "EasiioLibraryDemo\EasiioLibraryDemo.vcxproj", "{45F6B075-648A-421E-9177-0F9B68C4C250}"
EndProject
Global
	GlobalSection(SolutionConfigurationPlatforms) = preSolution
		Debug|x86 = Debug|x86
		Release|x86 = Release|x86
	EndGlobalSection
	GlobalSection(ProjectConfigurationPlatforms) = postSolution
		{45F6B075-648A-421E-9177-0F9B68C4C250}.Debug|x86.ActiveCfg = Debug|Win32
		{45F6B075-648A-421E-9177-0F9B68C4C250}.Debug|x86.Build.0 = Debug|Win32
		{45F6B075-648A-421E-9177-0F9B68C4C250}.Release|x86.ActiveCfg = Release|Win32
		{45F6B075-648A-421E-9177-0F9B68C4C250}.Release|x86.Build.0 = Release|Win32
	EndGlobalSection
	GlobalSection(SolutionProperties) = preSolution
		HideSolutionNode = FALSE
	EndGlobalSection
EndGlobal
